
Microsoft Visual Studio Solution File, Format Version 12.00
# Visual Studio Version 16
VisualStudioVersion = 16.0.31205.134
MinimumVisualStudioVersion = 10.0.40219.1
Project("{888888A0-9F3D-457C-B088-3A5042F75D52}") = "lab1_mdk_02.02", "lab1_mdk_02.02.pyproj", "{6A390375-151B-4B25-B35A-63E42A70D044}"
EndProject
Global
	GlobalSection(SolutionConfigurationPlatforms) = preSolution
		Debug|Any CPU = Debug|Any CPU
		Release|Any CPU = Release|Any CPU
	EndGlobalSection
	GlobalSection(ProjectConfigurationPlatforms) = postSolution
		{6A390375-151B-4B25-B35A-63E42A70D044}.Debug|Any CPU.ActiveCfg = Debug|Any CPU
		{6A390375-151B-4B25-B35A-63E42A70D044}.Release|Any CPU.ActiveCfg = Release|Any CPU
	EndGlobalSection
	GlobalSection(SolutionProperties) = preSolution
		HideSolutionNode = FALSE
	EndGlobalSection
	GlobalSection(ExtensibilityGlobals) = postSolution
		SolutionGuid = {3790A849-4EA6-4E58-9AF7-9D01F8452AAB}
	EndGlobalSection
EndGlobal
